// !$*UTF8*$!
{
	archiveVersion = 1;
	classes = {
	};
	objectVersion = 50;
	objects = {

/* Begin PBXBuildFile section */
		A883C1FD20A1602A0066BF3A /* AppDelegate.swift in Sources */ = {isa = PBXBuildFile; fileRef = A883C1FC20A1602A0066BF3A /* AppDelegate.swift */; };
		A883C1FF20A1602A0066BF3A /* Hisaab.swift in Sources */ = {isa = PBXBuildFile; fileRef = A883C1FE20A1602A0066BF3A /* Hisaab.swift */; };
		A883C20220A1602A0066BF3A /* Main.storyboard in Resources */ = {isa = PBXBuildFile; fileRef = A883C20020A1602A0066BF3A /* Main.storyboard */; };
		A883C20420A1603D0066BF3A /* Assets.xcassets in Resources */ = {isa = PBXBuildFile; fileRef = A883C20320A1603D0066BF3A /* Assets.xcassets */; };
		A883C20720A1603D0066BF3A /* LaunchScreen.storyboard in Resources */ = {isa = PBXBuildFile; fileRef = A883C20520A1603D0066BF3A /* LaunchScreen.storyboard */; };
		A89B302E20B2726C007753C2 /* SecondViewController.swift in Sources */ = {isa = PBXBuildFile; fileRef = A89B302D20B2726C007753C2 /* SecondViewController.swift */; };
/* End PBXBuildFile section */

/* Begin PBXFileReference section */
		A883C1F920A1602A0066BF3A /* Hisaab.app */ = {isa = PBXFileReference; explicitFileType = wrapper.application; includeInIndex = 0; path = Hisaab.app; sourceTree = BUILT_PRODUCTS_DIR; };
		A883C1FC20A1602A0066BF3A /* AppDelegate.swift */ = {isa = PBXFileReference; lastKnownFileType = sourcecode.swift; path = AppDelegate.swift; sourceTree = "<group>"; };
		A883C1FE20A1602A0066BF3A /* Hisaab.swift */ = {isa = PBXFileReference; lastKnownFileType = sourcecode.swift; path = Hisaab.swift; sourceTree = "<group>"; };
		A883C20120A1602A0066BF3A /* Base */ = {isa = PBXFileReference; lastKnownFileType = file.storyboard; name = Base; path = Base.lproj/Main.storyboard; sourceTree = "<group>"; };
		A883C20320A1603D0066BF3A /* Assets.xcassets */ = {isa = PBXFileReference; lastKnownFileType = folder.assetcatalog; path = Assets.xcassets; sourceTree = "<group>"; };
		A883C20620A1603D0066BF3A /* Base */ = {isa = PBXFileReference; lastKnownFileType = file.storyboard; name = Base; path = Base.lproj/LaunchScreen.storyboard; sourceTree = "<group>"; };
		A883C20820A1603D0066BF3A /* Info.plist */ = {isa = PBXFileReference; lastKnownFileType = text.plist.xml; path = Info.plist; sourceTree = "<group>"; };
		A89B302D20B2726C007753C2 /* SecondViewController.swift */ = {isa = PBXFileReference; lastKnownFileType = sourcecode.swift; path = SecondViewController.swift; sourceTree = "<group>"; };
/* End PBXFileReference section */

/* Begin PBXFrameworksBuildPhase section */
		A883C1F620A1602A0066BF3A /* Frameworks */ = {
			isa = PBXFrameworksBuildPhase;
			buildActionMask = 2147483647;
			files = (
			);
			runOnlyForDeploymentPostprocessing = 0;
		};
/* End PBXFrameworksBuildPhase section */

/* Begin PBXGroup section */
		A883C1F020A1602A0066BF3A = {
			isa = PBXGroup;
			children = (
				A883C1FB20A1602A0066BF3A /* Hisaab */,
				A883C1FA20A1602A0066BF3A /* Products */,
			);
			sourceTree = "<group>";
		};
		A883C1FA20A1602A0066BF3A /* Products */ = {
			isa = PBXGroup;
			children = (
				A883C1F920A1602A0066BF3A /* Hisaab.app */,
			);
			name = Products;
			sourceTree = "<group>";
		};
		A883C1FB20A1602A0066BF3A /* Hisaab */ = {
			isa = PBXGroup;
			children = (
				A883C1FC20A1602A0066BF3A /* AppDelegate.swift */,
				A883C1FE20A1602A0066BF3A /* Hisaab.swift */,
				A883C20020A1602A0066BF3A /* Main.storyboard */,
				A883C20320A1603D0066BF3A /* Assets.xcassets */,
				A883C20520A1603D0066BF3A /* LaunchScreen.storyboard */,
				A883C20820A1603D0066BF3A /* Info.plist */,
				A89B302D20B2726C007753C2 /* SecondViewController.swift */,
			);
			path = Hisaab;
			sourceTree = "<group>";
		};
/* End PBXGroup section */

/* Begin PBXNativeTarget section */
		A883C1F820A1602A0066BF3A /* Hisaab */ = {
			isa = PBXNativeTarget;
			buildConfigurationList = A883C20B20A1603D0066BF3A /* Build configuration list for PBXNativeTarget "Hisaab" */;
			buildPhases = (
				A883C1F520A1602A0066BF3A /* Sources */,
				A883C1F620A1602A0066BF3A /* Frameworks */,
				A883C1F720A1602A0066BF3A /* Resources */,
			);
			buildRules = (
			);
			dependencies = (
			);
			name = Hisaab;
			productName = Hisaab;
			productReference = A883C1F920A1602A0066BF3A /* Hisaab.app */;
			productType = "com.apple.product-type.application";
		};
/* End PBXNativeTarget section */

/* Begin PBXProject section */
		A883C1F120A1602A0066BF3A /* Project object */ = {
			isa = PBXProject;
			attributes = {
				LastSwiftUpdateCheck = 0930;
				LastUpgradeCheck = 0930;
				ORGANIZATIONNAME = "Anas Ahmad";
				TargetAttributes = {
					A883C1F820A1602A0066BF3A = {
						CreatedOnToolsVersion = 9.3;
					};
				};
			};
			buildConfigurationList = A883C1F420A1602A0066BF3A /* Build configuration list for PBXProject "Hisaab" */;
			compatibilityVersion = "Xcode 9.3";
			developmentRegion = en;
			hasScannedForEncodings = 0;
			knownRegions = (
				en,
				Base,
			);
			mainGroup = A883C1F020A1602A0066BF3A;
			productRefGroup = A883C1FA20A1602A0066BF3A /* Products */;
			projectDirPath = "";
			projectRoot = "";
			targets = (
				A883C1F820A1602A0066BF3A /* Hisaab */,
			);
		};
/* End PBXProject section */

/* Begin PBXResourcesBuildPhase section */
		A883C1F720A1602A0066BF3A /* Resources */ = {
			isa = PBXResourcesBuildPhase;
			buildActionMask = 2147483647;
			files = (
				A883C20720A1603D0066BF3A /* LaunchScreen.storyboard in Resources */,
				A883C20420A1603D0066BF3A /* Assets.xcassets in Resources */,
				A883C20220A1602A0066BF3A /* Main.storyboard in Resources */,
			);
			runOnlyForDeploymentPostprocessing = 0;
		};
/* End PBXResourcesBuildPhase section */

/* Begin PBXSourcesBuildPhase section */
		A883C1F520A1602A0066BF3A /* Sources */ = {
			isa = PBXSourcesBuildPhase;
			buildActionMask = 2147483647;
			files = (
				A89B302E20B2726C007753C2 /* SecondViewController.swift in Sources */,
				A883C1FF20A1602A0066BF3A /* Hisaab.swift in Sources */,
				A883C1FD20A1602A0066BF3A /* AppDelegate.swift in Sources */,
			);
			runOnlyForDeploymentPostprocessing = 0;
		};
/* End PBXSourcesBuildPhase section */

/* Begin PBXVariantGroup section */
		A883C20020A1602A0066BF3A /* Main.storyboard */ = {
			isa = PBXVariantGroup;
			children = (
				A883C20120A1602A0066BF3A /* Base */,
			);
			name = Main.storyboard;
			sourceTree = "<group>";
		};
		A883C20520A1603D0066BF3A /* LaunchScreen.storyboard */ = {
			isa = PBXVariantGroup;
			children = (
				A883C20620A1603D0066BF3A /* Base */,
			);
			name = LaunchScreen.storyboard;
			sourceTree = "<group>";
		};
/* End PBXVariantGroup section */

/* Begin XCBuildConfiguration section */
		A883C20920A1603D0066BF3A /* Debug */ = {
			isa = XCBuildConfiguration;
			buildSettings = {
				ALWAYS_SEARCH_USER_PATHS = NO;
				CLANG_ANALYZER_NONNULL = YES;
				CLANG_ANALYZER_NUMBER_OBJECT_CONVERSION = YES_AGGRESSIVE;
				CLANG_CXX_LANGUAGE_STANDARD = "gnu++14";
				CLANG_CXX_LIBRARY = "libc++";
				CLANG_ENABLE_MODULES = YES;
				CLANG_ENABLE_OBJC_ARC = YES;
				CLANG_ENABLE_OBJC_WEAK = YES;
				CLANG_WARN_BLOCK_CAPTURE_AUTORELEASING = YES;
				CLANG_WARN_BOOL_CONVERSION = YES;
				CLANG_WARN_COMMA = YES;
				CLANG_WARN_CONSTANT_CONVERSION = YES;
				CLANG_WARN_DEPRECATED_OBJC_IMPLEMENTATIONS = YES;
				CLANG_WARN_DIRECT_OBJC_ISA_USAGE = YES_ERROR;
				CLANG_WARN_DOCUMENTATION_COMMENTS = YES;
				CLANG_WARN_EMPTY_BODY = YES;
				CLANG_WARN_ENUM_CONVERSION = YES;
				CLANG_WARN_INFINITE_RECURSION = YES;
				CLANG_WARN_INT_CONVERSION = YES;
				CLANG_WARN_NON_LITERAL_NULL_CONVERSION = YES;
				CLANG_WARN_OBJC_IMPLICIT_RETAIN_SELF = YES;
				CLANG_WARN_OBJC_LITERAL_CONVERSION = YES;
				CLANG_WARN_OBJC_ROOT_CLASS = YES_ERROR;
				CLANG_WARN_RANGE_LOOP_ANALYSIS = YES;
				CLANG_WARN_STRICT_PROTOTYPES = YES;
				CLANG_WARN_SUSPICIOUS_MOVE = YES;
				CLANG_WARN_UNGUARDED_AVAILABILITY = YES_AGGRESSIVE;
				CLANG_WARN_UNREACHABLE_CODE = YES;
				CLANG_WARN__DUPLICATE_METHOD_MATCH = YES;
				CODE_SIGN_IDENTITY = "iPhone Developer";
				COPY_PHASE_STRIP = NO;
				DEBUG_INFORMATION_FORMAT = dwarf;
				ENABLE_STRICT_OBJC_MSGSEND = YES;
				ENABLE_TESTABILITY = YES;
				GCC_C_LANGUAGE_STANDARD = gnu11;
				GCC_DYNAMIC_NO_PIC = NO;
				GCC_NO_COMMON_BLOCKS = YES;
				GCC_OPTIMIZATION_LEVEL = 0;
				GCC_PREPROCESSOR_DEFINITIONS = (
					"DEBUG=1",
					"$(inherited)",
				);
				GCC_WARN_64_TO_32_BIT_CONVERSION = YES;
				GCC_WARN_ABOUT_RETURN_TYPE = YES_ERROR;
				GCC_WARN_UNDECLARED_SELECTOR = YES;
				GCC_WARN_UNINITIALIZED_AUTOS = YES_AGGRESSIVE;
				GCC_WARN_UNUSED_FUNCTION = YES;
				GCC_WARN_UNUSED_VARIABLE = YES;
				IPHONEOS_DEPLOYMENT_TARGET = 11.3;
				MTL_ENABLE_DEBUG_INFO = YES;
				ONLY_ACTIVE_ARCH = YES;
				SDKROOT = iphoneos;
				SWIFT_ACTIVE_COMPILATION_CONDITIONS = DEBUG;
				SWIFT_OPTIMIZATION_LEVEL = "-Onone";
			};
			name = Debug;
		};
		A883C20A20A1603D0066BF3A /* Release */ = {
			isa = XCBuildConfiguration;
			buildSettings = {
				ALWAYS_SEARCH_USER_PATHS = NO;
				CLANG_ANALYZER_NONNULL = YES;
				CLANG_ANALYZER_NUMBER_OBJECT_CONVERSION = YES_AGGRESSIVE;
				CLANG_CXX_LANGUAGE_STANDARD = "gnu++14";
				CLANG_CXX_LIBRARY = "libc++";
				CLANG_ENABLE_MODULES = YES;
				CLANG_ENABLE_OBJC_ARC = YES;
				CLANG_ENABLE_OBJC_WEAK = YES;
				CLANG_WARN_BLOCK_CAPTURE_AUTORELEASING = YES;
				CLANG_WARN_BOOL_CONVERSION = YES;
				CLANG_WARN_COMMA = YES;
				CLANG_WARN_CONSTANT_CONVERSION = YES;
				CLANG_WARN_DEPRECATED_OBJC_IMPLEMENTATIONS = YES;
				CLANG_WARN_DIRECT_OBJC_ISA_USAGE = YES_ERROR;
				CLANG_WARN_DOCUMENTATION_COMMENTS = YES;
				CLANG_WARN_EMPTY_BODY = YES;
				CLANG_WARN_ENUM_CONVERSION = YES;
				CLANG_WARN_INFINITE_RECURSION = YES;
				CLANG_WARN_INT_CONVERSION = YES;
				CLANG_WARN_NON_LITERAL_NULL_CONVERSION = YES;
				CLANG_WARN_OBJC_IMPLICIT_RETAIN_SELF = YES;
				CLANG_WARN_OBJC_LITERAL_CONVERSION = YES;
				CLANG_WARN_OBJC_ROOT_CLASS = YES_ERROR;
				CLANG_WARN_RANGE_LOOP_ANALYSIS = YES;
				CLANG_WARN_STRICT_PROTOTYPES = YES;
				CLANG_WARN_SUSPICIOUS_MOVE = YES;
				CLANG_WARN_UNGUARDED_AVAILABILITY = YES_AGGRESSIVE;
				CLANG_WARN_UNREACHABLE_CODE = YES;
				CLANG_WARN__DUPLICATE_METHOD_MATCH = YES;
				CODE_SIGN_IDENTITY = "iPhone Developer";
				COPY_PHASE_STRIP = NO;
				DEBUG_INFORMATION_FORMAT = "dwarf-with-dsym";
				ENABLE_NS_ASSERTIONS = NO;
				ENABLE_STRICT_OBJC_MSGSEND = YES;
				GCC_C_LANGUAGE_STANDARD = gnu11;
				GCC_NO_COMMON_BLOCKS = YES;
				GCC_WARN_64_TO_32_BIT_CONVERSION = YES;
				GCC_WARN_ABOUT_RETURN_TYPE = YES_ERROR;
				GCC_WARN_UNDECLARED_SELECTOR = YES;
				GCC_WARN_UNINITIALIZED_AUTOS = YES_AGGRESSIVE;
				GCC_WARN_UNUSED_FUNCTION = YES;
				GCC_WARN_UNUSED_VARIABLE = YES;
				IPHONEOS_DEPLOYMENT_TARGET = 11.3;
				MTL_ENABLE_DEBUG_INFO = NO;
				SDKROOT = iphoneos;
				SWIFT_COMPILATION_MODE = wholemodule;
				SWIFT_OPTIMIZATION_LEVEL = "-O";
				VALIDATE_PRODUCT = YES;
			};
			name = Release;
		};
		A883C20C20A1603D0066BF3A /* Debug */ = {
			isa = XCBuildConfiguration;
			buildSettings = {
				ASSETCATALOG_COMPILER_APPICON_NAME = AppIcon;
				CODE_SIGN_STYLE = Automatic;
				DEVELOPMENT_TEAM = E262HCYWK3;
				INFOPLIST_FILE = Hisaab/Info.plist;
				IPHONEOS_DEPLOYMENT_TARGET = 11.1;
				LD_RUNPATH_SEARCH_PATHS = (
					"$(inherited)",
					"@executable_path/Frameworks",
				);
				PRODUCT_BUNDLE_IDENTIFIER = com.anas.Hisaab;
				PRODUCT_NAME = "$(TARGET_NAME)";
				SWIFT_VERSION = 4.0;
				TARGETED_DEVICE_FAMILY = "1,2";
			};
			name = Debug;
		};
		A883C20D20A1603D0066BF3A /* Release */ = {
			isa = XCBuildConfiguration;
			buildSettings = {
				ASSETCATALOG_COMPILER_APPICON_NAME = AppIcon;
				CODE_SIGN_STYLE = Automatic;
				DEVELOPMENT_TEAM = E262HCYWK3;
				INFOPLIST_FILE = Hisaab/Info.plist;
				IPHONEOS_DEPLOYMENT_TARGET = 11.1;
				LD_RUNPATH_SEARCH_PATHS = (
					"$(inherited)",
					"@executable_path/Frameworks",
				);
				PRODUCT_BUNDLE_IDENTIFIER = com.anas.Hisaab;
				PRODUCT_NAME = "$(TARGET_NAME)";
				SWIFT_VERSION = 4.0;
				TARGETED_DEVICE_FAMILY = "1,2";
			};
			name = Release;
		};
/* End XCBuildConfiguration section */

/* Begin XCConfigurationList section */
		A883C1F420A1602A0066BF3A /* Build configuration list for PBXProject "Hisaab" */ = {
			isa = XCConfigurationList;
			buildConfigurations = (
				A883C20920A1603D0066BF3A /* Debug */,
				A883C20A20A1603D0066BF3A /* Release */,
			);
			defaultConfigurationIsVisible = 0;
			defaultConfigurationName = Release;
		};
		A883C20B20A1603D0066BF3A /* Build configuration list for PBXNativeTarget "Hisaab" */ = {
			isa = XCConfigurationList;
			buildConfigurations = (
				A883C20C20A1603D0066BF3A /* Debug */,
				A883C20D20A1603D0066BF3A /* Release */,
			);
			defaultConfigurationIsVisible = 0;
			defaultConfigurationName = Release;
		};
/* End XCConfigurationList section */
	};
	rootObject = A883C1F120A1602A0066BF3A /* Project object */;
}
